
Microsoft Visual Studio Solution File, Format Version 12.00
# Visual Studio Version 16
VisualStudioVersion = 16.0.30503.244
MinimumVisualStudioVersion = 10.0.40219.1
Project("{FAE04EC0-301F-11D3-BF4B-00C04F79EFBC}") = "UpFlux.Library.API", "UpFlux.Library.API\UpFlux.Library.API.csproj", "{FD9ED46A-90AC-43CC-BF57-5587A44FAEAF}"
EndProject
Project("{FAE04EC0-301F-11D3-BF4B-00C04F79EFBC}") = "UpFlux.Library.API.Tests", "UpFlux.Library.API.Tests\UpFlux.Library.API.Tests.csproj", "{980FA61D-2F00-4EF2-A494-A9F447BA5830}"
EndProject
Global
	GlobalSection(SolutionConfigurationPlatforms) = preSolution
		Debug|Any CPU = Debug|Any CPU
		Release|Any CPU = Release|Any CPU
	EndGlobalSection
	GlobalSection(ProjectConfigurationPlatforms) = postSolution
		{FD9ED46A-90AC-43CC-BF57-5587A44FAEAF}.Debug|Any CPU.ActiveCfg = Debug|Any CPU
		{FD9ED46A-90AC-43CC-BF57-5587A44FAEAF}.Debug|Any CPU.Build.0 = Debug|Any CPU
		{FD9ED46A-90AC-43CC-BF57-5587A44FAEAF}.Release|Any CPU.ActiveCfg = Release|Any CPU
		{FD9ED46A-90AC-43CC-BF57-5587A44FAEAF}.Release|Any CPU.Build.0 = Release|Any CPU
		{980FA61D-2F00-4EF2-A494-A9F447BA5830}.Debug|Any CPU.ActiveCfg = Debug|Any CPU
		{980FA61D-2F00-4EF2-A494-A9F447BA5830}.Debug|Any CPU.Build.0 = Debug|Any CPU
		{980FA61D-2F00-4EF2-A494-A9F447BA5830}.Release|Any CPU.ActiveCfg = Release|Any CPU
		{980FA61D-2F00-4EF2-A494-A9F447BA5830}.Release|Any CPU.Build.0 = Release|Any CPU
	EndGlobalSection
	GlobalSection(SolutionProperties) = preSolution
		HideSolutionNode = FALSE
	EndGlobalSection
	GlobalSection(ExtensibilityGlobals) = postSolution
		SolutionGuid = {A69589E6-1D41-48E6-BEDD-7C6F22DFE48D}
	EndGlobalSection
EndGlobal
